// !$*UTF8*$!
{
	archiveVersion = 1;
	classes = {
	};
	objectVersion = 50;
	objects = {

/* Begin PBXBuildFile section */
		7A1F778C25DFA37F0042CBA2 /* RecipeDetailView.swift in Sources */ = {isa = PBXBuildFile; fileRef = 7A1F778B25DFA37F0042CBA2 /* RecipeDetailView.swift */; };
		7A1F77D225E0E8BF0042CBA2 /* RecipeTabView.swift in Sources */ = {isa = PBXBuildFile; fileRef = 7A1F77D125E0E8BF0042CBA2 /* RecipeTabView.swift */; };
		7A7FC44E25DCDB6D00DB627B /* Lesson_13App.swift in Sources */ = {isa = PBXBuildFile; fileRef = 7A7FC44D25DCDB6D00DB627B /* Lesson_13App.swift */; };
		7A7FC45025DCDB6D00DB627B /* RecipeListView.swift in Sources */ = {isa = PBXBuildFile; fileRef = 7A7FC44F25DCDB6D00DB627B /* RecipeListView.swift */; };
		7A7FC45225DCDB7700DB627B /* Assets.xcassets in Resources */ = {isa = PBXBuildFile; fileRef = 7A7FC45125DCDB7700DB627B /* Assets.xcassets */; };
		7A7FC45525DCDB7700DB627B /* Preview Assets.xcassets in Resources */ = {isa = PBXBuildFile; fileRef = 7A7FC45425DCDB7700DB627B /* Preview Assets.xcassets */; };
		7A7FC46325DCE4AB00DB627B /* recipes.json in Resources */ = {isa = PBXBuildFile; fileRef = 7A7FC46225DCE4AB00DB627B /* recipes.json */; };
		7A7FC46625DCE58100DB627B /* Recipe.swift in Sources */ = {isa = PBXBuildFile; fileRef = 7A7FC46525DCE58100DB627B /* Recipe.swift */; };
		7A7FC46A25DCEABB00DB627B /* RecipeModel.swift in Sources */ = {isa = PBXBuildFile; fileRef = 7A7FC46925DCEABB00DB627B /* RecipeModel.swift */; };
		7A7FC46E25DD035700DB627B /* DataService.swift in Sources */ = {isa = PBXBuildFile; fileRef = 7A7FC46D25DD035700DB627B /* DataService.swift */; };
/* End PBXBuildFile section */

/* Begin PBXFileReference section */
		7A1F778B25DFA37F0042CBA2 /* RecipeDetailView.swift */ = {isa = PBXFileReference; lastKnownFileType = sourcecode.swift; path = RecipeDetailView.swift; sourceTree = "<group>"; };
		7A1F77D125E0E8BF0042CBA2 /* RecipeTabView.swift */ = {isa = PBXFileReference; lastKnownFileType = sourcecode.swift; path = RecipeTabView.swift; sourceTree = "<group>"; };
		7A7FC44A25DCDB6D00DB627B /* RecipeApp.app */ = {isa = PBXFileReference; explicitFileType = wrapper.application; includeInIndex = 0; path = RecipeApp.app; sourceTree = BUILT_PRODUCTS_DIR; };
		7A7FC44D25DCDB6D00DB627B /* Lesson_13App.swift */ = {isa = PBXFileReference; lastKnownFileType = sourcecode.swift; path = Lesson_13App.swift; sourceTree = "<group>"; };
		7A7FC44F25DCDB6D00DB627B /* RecipeListView.swift */ = {isa = PBXFileReference; lastKnownFileType = sourcecode.swift; path = RecipeListView.swift; sourceTree = "<group>"; };
		7A7FC45125DCDB7700DB627B /* Assets.xcassets */ = {isa = PBXFileReference; lastKnownFileType = folder.assetcatalog; path = Assets.xcassets; sourceTree = "<group>"; };
		7A7FC45425DCDB7700DB627B /* Preview Assets.xcassets */ = {isa = PBXFileReference; lastKnownFileType = folder.assetcatalog; path = "Preview Assets.xcassets"; sourceTree = "<group>"; };
		7A7FC45625DCDB7700DB627B /* Info.plist */ = {isa = PBXFileReference; lastKnownFileType = text.plist.xml; path = Info.plist; sourceTree = "<group>"; };
		7A7FC46225DCE4AB00DB627B /* recipes.json */ = {isa = PBXFileReference; fileEncoding = 4; lastKnownFileType = text.json; path = recipes.json; sourceTree = "<group>"; };
		7A7FC46525DCE58100DB627B /* Recipe.swift */ = {isa = PBXFileReference; lastKnownFileType = sourcecode.swift; path = Recipe.swift; sourceTree = "<group>"; };
		7A7FC46925DCEABB00DB627B /* RecipeModel.swift */ = {isa = PBXFileReference; lastKnownFileType = sourcecode.swift; path = RecipeModel.swift; sourceTree = "<group>"; };
		7A7FC46D25DD035700DB627B /* DataService.swift */ = {isa = PBXFileReference; lastKnownFileType = sourcecode.swift; path = DataService.swift; sourceTree = "<group>"; };
/* End PBXFileReference section */

/* Begin PBXFrameworksBuildPhase section */
		7A7FC44725DCDB6C00DB627B /* Frameworks */ = {
			isa = PBXFrameworksBuildPhase;
			buildActionMask = 2147483647;
			files = (
			);
			runOnlyForDeploymentPostprocessing = 0;
		};
/* End PBXFrameworksBuildPhase section */

/* Begin PBXGroup section */
		7A7FC44125DCDB6C00DB627B = {
			isa = PBXGroup;
			children = (
				7A7FC44C25DCDB6D00DB627B /* Lesson 13 */,
				7A7FC44B25DCDB6D00DB627B /* Products */,
			);
			sourceTree = "<group>";
		};
		7A7FC44B25DCDB6D00DB627B /* Products */ = {
			isa = PBXGroup;
			children = (
				7A7FC44A25DCDB6D00DB627B /* RecipeApp.app */,
			);
			name = Products;
			sourceTree = "<group>";
		};
		7A7FC44C25DCDB6D00DB627B /* Lesson 13 */ = {
			isa = PBXGroup;
			children = (
				7A7FC44D25DCDB6D00DB627B /* Lesson_13App.swift */,
				7A7FC45D25DCE37300DB627B /* Views */,
				7A7FC45E25DCE37900DB627B /* ViewModel */,
				7A7FC45F25DCE38B00DB627B /* Models */,
				7A7FC46125DCE39F00DB627B /* Services */,
				7A7FC46025DCE39000DB627B /* Data */,
				7A7FC45125DCDB7700DB627B /* Assets.xcassets */,
				7A7FC45625DCDB7700DB627B /* Info.plist */,
				7A7FC45325DCDB7700DB627B /* Preview Content */,
			);
			path = "Lesson 13";
			sourceTree = "<group>";
		};
		7A7FC45325DCDB7700DB627B /* Preview Content */ = {
			isa = PBXGroup;
			children = (
				7A7FC45425DCDB7700DB627B /* Preview Assets.xcassets */,
			);
			path = "Preview Content";
			sourceTree = "<group>";
		};
		7A7FC45D25DCE37300DB627B /* Views */ = {
			isa = PBXGroup;
			children = (
				7A1F77D125E0E8BF0042CBA2 /* RecipeTabView.swift */,
				7A7FC44F25DCDB6D00DB627B /* RecipeListView.swift */,
				7A1F778B25DFA37F0042CBA2 /* RecipeDetailView.swift */,
			);
			path = Views;
			sourceTree = "<group>";
		};
		7A7FC45E25DCE37900DB627B /* ViewModel */ = {
			isa = PBXGroup;
			children = (
				7A7FC46925DCEABB00DB627B /* RecipeModel.swift */,
			);
			path = ViewModel;
			sourceTree = "<group>";
		};
		7A7FC45F25DCE38B00DB627B /* Models */ = {
			isa = PBXGroup;
			children = (
				7A7FC46525DCE58100DB627B /* Recipe.swift */,
			);
			path = Models;
			sourceTree = "<group>";
		};
		7A7FC46025DCE39000DB627B /* Data */ = {
			isa = PBXGroup;
			children = (
				7A7FC46225DCE4AB00DB627B /* recipes.json */,
			);
			path = Data;
			sourceTree = "<group>";
		};
		7A7FC46125DCE39F00DB627B /* Services */ = {
			isa = PBXGroup;
			children = (
				7A7FC46D25DD035700DB627B /* DataService.swift */,
			);
			path = Services;
			sourceTree = "<group>";
		};
/* End PBXGroup section */

/* Begin PBXNativeTarget section */
		7A7FC44925DCDB6C00DB627B /* RecipeApp */ = {
			isa = PBXNativeTarget;
			buildConfigurationList = 7A7FC45925DCDB7700DB627B /* Build configuration list for PBXNativeTarget "RecipeApp" */;
			buildPhases = (
				7A7FC44625DCDB6C00DB627B /* Sources */,
				7A7FC44725DCDB6C00DB627B /* Frameworks */,
				7A7FC44825DCDB6C00DB627B /* Resources */,
			);
			buildRules = (
			);
			dependencies = (
			);
			name = RecipeApp;
			productName = "Lesson 13";
			productReference = 7A7FC44A25DCDB6D00DB627B /* RecipeApp.app */;
			productType = "com.apple.product-type.application";
		};
/* End PBXNativeTarget section */

/* Begin PBXProject section */
		7A7FC44225DCDB6C00DB627B /* Project object */ = {
			isa = PBXProject;
			attributes = {
				LastSwiftUpdateCheck = 1240;
				LastUpgradeCheck = 1240;
				TargetAttributes = {
					7A7FC44925DCDB6C00DB627B = {
						CreatedOnToolsVersion = 12.4;
					};
				};
			};
			buildConfigurationList = 7A7FC44525DCDB6C00DB627B /* Build configuration list for PBXProject "RecipeApp" */;
			compatibilityVersion = "Xcode 9.3";
			developmentRegion = en;
			hasScannedForEncodings = 0;
			knownRegions = (
				en,
				Base,
			);
			mainGroup = 7A7FC44125DCDB6C00DB627B;
			productRefGroup = 7A7FC44B25DCDB6D00DB627B /* Products */;
			projectDirPath = "";
			projectRoot = "";
			targets = (
				7A7FC44925DCDB6C00DB627B /* RecipeApp */,
			);
		};
/* End PBXProject section */

/* Begin PBXResourcesBuildPhase section */
		7A7FC44825DCDB6C00DB627B /* Resources */ = {
			isa = PBXResourcesBuildPhase;
			buildActionMask = 2147483647;
			files = (
				7A7FC45525DCDB7700DB627B /* Preview Assets.xcassets in Resources */,
				7A7FC46325DCE4AB00DB627B /* recipes.json in Resources */,
				7A7FC45225DCDB7700DB627B /* Assets.xcassets in Resources */,
			);
			runOnlyForDeploymentPostprocessing = 0;
		};
/* End PBXResourcesBuildPhase section */

/* Begin PBXSourcesBuildPhase section */
		7A7FC44625DCDB6C00DB627B /* Sources */ = {
			isa = PBXSourcesBuildPhase;
			buildActionMask = 2147483647;
			files = (
				7A7FC46625DCE58100DB627B /* Recipe.swift in Sources */,
				7A1F778C25DFA37F0042CBA2 /* RecipeDetailView.swift in Sources */,
				7A7FC46A25DCEABB00DB627B /* RecipeModel.swift in Sources */,
				7A7FC45025DCDB6D00DB627B /* RecipeListView.swift in Sources */,
				7A7FC44E25DCDB6D00DB627B /* Lesson_13App.swift in Sources */,
				7A7FC46E25DD035700DB627B /* DataService.swift in Sources */,
				7A1F77D225E0E8BF0042CBA2 /* RecipeTabView.swift in Sources */,
			);
			runOnlyForDeploymentPostprocessing = 0;
		};
/* End PBXSourcesBuildPhase section */

/* Begin XCBuildConfiguration section */
		7A7FC45725DCDB7700DB627B /* Debug */ = {
			isa = XCBuildConfiguration;
			buildSettings = {
				ALWAYS_SEARCH_USER_PATHS = NO;
				CLANG_ANALYZER_NONNULL = YES;
				CLANG_ANALYZER_NUMBER_OBJECT_CONVERSION = YES_AGGRESSIVE;
				CLANG_CXX_LANGUAGE_STANDARD = "gnu++14";
				CLANG_CXX_LIBRARY = "libc++";
				CLANG_ENABLE_MODULES = YES;
				CLANG_ENABLE_OBJC_ARC = YES;
				CLANG_ENABLE_OBJC_WEAK = YES;
				CLANG_WARN_BLOCK_CAPTURE_AUTORELEASING = YES;
				CLANG_WARN_BOOL_CONVERSION = YES;
				CLANG_WARN_COMMA = YES;
				CLANG_WARN_CONSTANT_CONVERSION = YES;
				CLANG_WARN_DEPRECATED_OBJC_IMPLEMENTATIONS = YES;
				CLANG_WARN_DIRECT_OBJC_ISA_USAGE = YES_ERROR;
				CLANG_WARN_DOCUMENTATION_COMMENTS = YES;
				CLANG_WARN_EMPTY_BODY = YES;
				CLANG_WARN_ENUM_CONVERSION = YES;
				CLANG_WARN_INFINITE_RECURSION = YES;
				CLANG_WARN_INT_CONVERSION = YES;
				CLANG_WARN_NON_LITERAL_NULL_CONVERSION = YES;
				CLANG_WARN_OBJC_IMPLICIT_RETAIN_SELF = YES;
				CLANG_WARN_OBJC_LITERAL_CONVERSION = YES;
				CLANG_WARN_OBJC_ROOT_CLASS = YES_ERROR;
				CLANG_WARN_QUOTED_INCLUDE_IN_FRAMEWORK_HEADER = YES;
				CLANG_WARN_RANGE_LOOP_ANALYSIS = YES;
				CLANG_WARN_STRICT_PROTOTYPES = YES;
				CLANG_WARN_SUSPICIOUS_MOVE = YES;
				CLANG_WARN_UNGUARDED_AVAILABILITY = YES_AGGRESSIVE;
				CLANG_WARN_UNREACHABLE_CODE = YES;
				CLANG_WARN__DUPLICATE_METHOD_MATCH = YES;
				COPY_PHASE_STRIP = NO;
				DEBUG_INFORMATION_FORMAT = dwarf;
				ENABLE_STRICT_OBJC_MSGSEND = YES;
				ENABLE_TESTABILITY = YES;
				GCC_C_LANGUAGE_STANDARD = gnu11;
				GCC_DYNAMIC_NO_PIC = NO;
				GCC_NO_COMMON_BLOCKS = YES;
				GCC_OPTIMIZATION_LEVEL = 0;
				GCC_PREPROCESSOR_DEFINITIONS = (
					"DEBUG=1",
					"$(inherited)",
				);
				GCC_WARN_64_TO_32_BIT_CONVERSION = YES;
				GCC_WARN_ABOUT_RETURN_TYPE = YES_ERROR;
				GCC_WARN_UNDECLARED_SELECTOR = YES;
				GCC_WARN_UNINITIALIZED_AUTOS = YES_AGGRESSIVE;
				GCC_WARN_UNUSED_FUNCTION = YES;
				GCC_WARN_UNUSED_VARIABLE = YES;
				IPHONEOS_DEPLOYMENT_TARGET = 14.4;
				MTL_ENABLE_DEBUG_INFO = INCLUDE_SOURCE;
				MTL_FAST_MATH = YES;
				ONLY_ACTIVE_ARCH = YES;
				SDKROOT = iphoneos;
				SWIFT_ACTIVE_COMPILATION_CONDITIONS = DEBUG;
				SWIFT_OPTIMIZATION_LEVEL = "-Onone";
			};
			name = Debug;
		};
		7A7FC45825DCDB7700DB627B /* Release */ = {
			isa = XCBuildConfiguration;
			buildSettings = {
				ALWAYS_SEARCH_USER_PATHS = NO;
				CLANG_ANALYZER_NONNULL = YES;
				CLANG_ANALYZER_NUMBER_OBJECT_CONVERSION = YES_AGGRESSIVE;
				CLANG_CXX_LANGUAGE_STANDARD = "gnu++14";
				CLANG_CXX_LIBRARY = "libc++";
				CLANG_ENABLE_MODULES = YES;
				CLANG_ENABLE_OBJC_ARC = YES;
				CLANG_ENABLE_OBJC_WEAK = YES;
				CLANG_WARN_BLOCK_CAPTURE_AUTORELEASING = YES;
				CLANG_WARN_BOOL_CONVERSION = YES;
				CLANG_WARN_COMMA = YES;
				CLANG_WARN_CONSTANT_CONVERSION = YES;
				CLANG_WARN_DEPRECATED_OBJC_IMPLEMENTATIONS = YES;
				CLANG_WARN_DIRECT_OBJC_ISA_USAGE = YES_ERROR;
				CLANG_WARN_DOCUMENTATION_COMMENTS = YES;
				CLANG_WARN_EMPTY_BODY = YES;
				CLANG_WARN_ENUM_CONVERSION = YES;
				CLANG_WARN_INFINITE_RECURSION = YES;
				CLANG_WARN_INT_CONVERSION = YES;
				CLANG_WARN_NON_LITERAL_NULL_CONVERSION = YES;
				CLANG_WARN_OBJC_IMPLICIT_RETAIN_SELF = YES;
				CLANG_WARN_OBJC_LITERAL_CONVERSION = YES;
				CLANG_WARN_OBJC_ROOT_CLASS = YES_ERROR;
				CLANG_WARN_QUOTED_INCLUDE_IN_FRAMEWORK_HEADER = YES;
				CLANG_WARN_RANGE_LOOP_ANALYSIS = YES;
				CLANG_WARN_STRICT_PROTOTYPES = YES;
				CLANG_WARN_SUSPICIOUS_MOVE = YES;
				CLANG_WARN_UNGUARDED_AVAILABILITY = YES_AGGRESSIVE;
				CLANG_WARN_UNREACHABLE_CODE = YES;
				CLANG_WARN__DUPLICATE_METHOD_MATCH = YES;
				COPY_PHASE_STRIP = NO;
				DEBUG_INFORMATION_FORMAT = "dwarf-with-dsym";
				ENABLE_NS_ASSERTIONS = NO;
				ENABLE_STRICT_OBJC_MSGSEND = YES;
				GCC_C_LANGUAGE_STANDARD = gnu11;
				GCC_NO_COMMON_BLOCKS = YES;
				GCC_WARN_64_TO_32_BIT_CONVERSION = YES;
				GCC_WARN_ABOUT_RETURN_TYPE = YES_ERROR;
				GCC_WARN_UNDECLARED_SELECTOR = YES;
				GCC_WARN_UNINITIALIZED_AUTOS = YES_AGGRESSIVE;
				GCC_WARN_UNUSED_FUNCTION = YES;
				GCC_WARN_UNUSED_VARIABLE = YES;
				IPHONEOS_DEPLOYMENT_TARGET = 14.4;
				MTL_ENABLE_DEBUG_INFO = NO;
				MTL_FAST_MATH = YES;
				SDKROOT = iphoneos;
				SWIFT_COMPILATION_MODE = wholemodule;
				SWIFT_OPTIMIZATION_LEVEL = "-O";
				VALIDATE_PRODUCT = YES;
			};
			name = Release;
		};
		7A7FC45A25DCDB7700DB627B /* Debug */ = {
			isa = XCBuildConfiguration;
			buildSettings = {
				ASSETCATALOG_COMPILER_APPICON_NAME = AppIcon;
				ASSETCATALOG_COMPILER_GLOBAL_ACCENT_COLOR_NAME = AccentColor;
				CODE_SIGN_STYLE = Automatic;
				DEVELOPMENT_ASSET_PATHS = "\"Lesson 13/Preview Content\"";
				ENABLE_PREVIEWS = YES;
				INFOPLIST_FILE = "Lesson 13/Info.plist";
				IPHONEOS_DEPLOYMENT_TARGET = 14.0;
				LD_RUNPATH_SEARCH_PATHS = (
					"$(inherited)",
					"@executable_path/Frameworks",
				);
				PRODUCT_BUNDLE_IDENTIFIER = "SK.Lesson-13";
				PRODUCT_NAME = "$(TARGET_NAME)";
				SWIFT_VERSION = 5.0;
				TARGETED_DEVICE_FAMILY = "1,2";
			};
			name = Debug;
		};
		7A7FC45B25DCDB7700DB627B /* Release */ = {
			isa = XCBuildConfiguration;
			buildSettings = {
				ASSETCATALOG_COMPILER_APPICON_NAME = AppIcon;
				ASSETCATALOG_COMPILER_GLOBAL_ACCENT_COLOR_NAME = AccentColor;
				CODE_SIGN_STYLE = Automatic;
				DEVELOPMENT_ASSET_PATHS = "\"Lesson 13/Preview Content\"";
				ENABLE_PREVIEWS = YES;
				INFOPLIST_FILE = "Lesson 13/Info.plist";
				IPHONEOS_DEPLOYMENT_TARGET = 14.0;
				LD_RUNPATH_SEARCH_PATHS = (
					"$(inherited)",
					"@executable_path/Frameworks",
				);
				PRODUCT_BUNDLE_IDENTIFIER = "SK.Lesson-13";
				PRODUCT_NAME = "$(TARGET_NAME)";
				SWIFT_VERSION = 5.0;
				TARGETED_DEVICE_FAMILY = "1,2";
			};
			name = Release;
		};
/* End XCBuildConfiguration section */

/* Begin XCConfigurationList section */
		7A7FC44525DCDB6C00DB627B /* Build configuration list for PBXProject "RecipeApp" */ = {
			isa = XCConfigurationList;
			buildConfigurations = (
				7A7FC45725DCDB7700DB627B /* Debug */,
				7A7FC45825DCDB7700DB627B /* Release */,
			);
			defaultConfigurationIsVisible = 0;
			defaultConfigurationName = Release;
		};
		7A7FC45925DCDB7700DB627B /* Build configuration list for PBXNativeTarget "RecipeApp" */ = {
			isa = XCConfigurationList;
			buildConfigurations = (
				7A7FC45A25DCDB7700DB627B /* Debug */,
				7A7FC45B25DCDB7700DB627B /* Release */,
			);
			defaultConfigurationIsVisible = 0;
			defaultConfigurationName = Release;
		};
/* End XCConfigurationList section */
	};
	rootObject = 7A7FC44225DCDB6C00DB627B /* Project object */;
}
